
Microsoft Visual Studio Solution File, Format Version 12.00
# Visual Studio 2012
Project("{FAE04EC0-301F-11D3-BF4B-00C04F79EFBC}") = "UnofficialDDNS", "UnofficialDDNS\UnofficialDDNS.csproj", "{36360929-E885-4692-962E-F93958B53A82}"
	ProjectSection(ProjectDependencies) = postProject
		{71E05116-3FA9-4B9C-B62E-DBCC47ADBC47} = {71E05116-3FA9-4B9C-B62E-DBCC47ADBC47}
	EndProjectSection
EndProject
Project("{930C7802-8A8C-48F9-8165-68863BCCD9DD}") = "SetupMSI", "SetupMSI\SetupMSI.wixproj", "{E9F27836-917B-45AF-96FF-295A1F18A854}"
	ProjectSection(ProjectDependencies) = postProject
		{71E05116-3FA9-4B9C-B62E-DBCC47ADBC47} = {71E05116-3FA9-4B9C-B62E-DBCC47ADBC47}
		{36360929-E885-4692-962E-F93958B53A82} = {36360929-E885-4692-962E-F93958B53A82}
	EndProjectSection
EndProject
Project("{FAE04EC0-301F-11D3-BF4B-00C04F79EFBC}") = "UDDNSQuery", "UDDNSQuery\UDDNSQuery.csproj", "{71E05116-3FA9-4B9C-B62E-DBCC47ADBC47}"
EndProject
Global
	GlobalSection(SolutionConfigurationPlatforms) = preSolution
		CD_ROM|Any CPU = CD_ROM|Any CPU
		CD_ROM|Mixed Platforms = CD_ROM|Mixed Platforms
		CD_ROM|x86 = CD_ROM|x86
		Debug|Any CPU = Debug|Any CPU
		Debug|Mixed Platforms = Debug|Mixed Platforms
		Debug|x86 = Debug|x86
		DVD-5|Any CPU = DVD-5|Any CPU
		DVD-5|Mixed Platforms = DVD-5|Mixed Platforms
		DVD-5|x86 = DVD-5|x86
		Release|Any CPU = Release|Any CPU
		Release|Mixed Platforms = Release|Mixed Platforms
		Release|x86 = Release|x86
		SingleImage|Any CPU = SingleImage|Any CPU
		SingleImage|Mixed Platforms = SingleImage|Mixed Platforms
		SingleImage|x86 = SingleImage|x86
		Description = A dynamic DNS service for regular registrars without native DDNS options.
	EndGlobalSection
	GlobalSection(ProjectConfigurationPlatforms) = postSolution
		{36360929-E885-4692-962E-F93958B53A82}.CD_ROM|Any CPU.ActiveCfg = Release|Any CPU
		{36360929-E885-4692-962E-F93958B53A82}.CD_ROM|Any CPU.Build.0 = Release|Any CPU
		{36360929-E885-4692-962E-F93958B53A82}.CD_ROM|Mixed Platforms.ActiveCfg = Debug|Any CPU
		{36360929-E885-4692-962E-F93958B53A82}.CD_ROM|Mixed Platforms.Build.0 = Debug|Any CPU
		{36360929-E885-4692-962E-F93958B53A82}.CD_ROM|x86.ActiveCfg = Debug|Any CPU
		{36360929-E885-4692-962E-F93958B53A82}.Debug|Any CPU.ActiveCfg = Debug|Any CPU
		{36360929-E885-4692-962E-F93958B53A82}.Debug|Any CPU.Build.0 = Debug|Any CPU
		{36360929-E885-4692-962E-F93958B53A82}.Debug|Mixed Platforms.ActiveCfg = Debug|Any CPU
		{36360929-E885-4692-962E-F93958B53A82}.Debug|Mixed Platforms.Build.0 = Debug|Any CPU
		{36360929-E885-4692-962E-F93958B53A82}.Debug|x86.ActiveCfg = Debug|Any CPU
		{36360929-E885-4692-962E-F93958B53A82}.DVD-5|Any CPU.ActiveCfg = Debug|Any CPU
		{36360929-E885-4692-962E-F93958B53A82}.DVD-5|Any CPU.Build.0 = Debug|Any CPU
		{36360929-E885-4692-962E-F93958B53A82}.DVD-5|Mixed Platforms.ActiveCfg = Debug|Any CPU
		{36360929-E885-4692-962E-F93958B53A82}.DVD-5|Mixed Platforms.Build.0 = Debug|Any CPU
		{36360929-E885-4692-962E-F93958B53A82}.DVD-5|x86.ActiveCfg = Debug|Any CPU
		{36360929-E885-4692-962E-F93958B53A82}.Release|Any CPU.ActiveCfg = Release|Any CPU
		{36360929-E885-4692-962E-F93958B53A82}.Release|Any CPU.Build.0 = Release|Any CPU
		{36360929-E885-4692-962E-F93958B53A82}.Release|Mixed Platforms.ActiveCfg = Release|Any CPU
		{36360929-E885-4692-962E-F93958B53A82}.Release|Mixed Platforms.Build.0 = Release|Any CPU
		{36360929-E885-4692-962E-F93958B53A82}.Release|x86.ActiveCfg = Release|Any CPU
		{36360929-E885-4692-962E-F93958B53A82}.SingleImage|Any CPU.ActiveCfg = Release|Any CPU
		{36360929-E885-4692-962E-F93958B53A82}.SingleImage|Any CPU.Build.0 = Release|Any CPU
		{36360929-E885-4692-962E-F93958B53A82}.SingleImage|Mixed Platforms.ActiveCfg = Debug|Any CPU
		{36360929-E885-4692-962E-F93958B53A82}.SingleImage|Mixed Platforms.Build.0 = Debug|Any CPU
		{36360929-E885-4692-962E-F93958B53A82}.SingleImage|x86.ActiveCfg = Debug|Any CPU
		{E9F27836-917B-45AF-96FF-295A1F18A854}.CD_ROM|Any CPU.ActiveCfg = Release|x86
		{E9F27836-917B-45AF-96FF-295A1F18A854}.CD_ROM|Mixed Platforms.ActiveCfg = Release|x86
		{E9F27836-917B-45AF-96FF-295A1F18A854}.CD_ROM|Mixed Platforms.Build.0 = Release|x86
		{E9F27836-917B-45AF-96FF-295A1F18A854}.CD_ROM|x86.ActiveCfg = Release|x86
		{E9F27836-917B-45AF-96FF-295A1F18A854}.CD_ROM|x86.Build.0 = Release|x86
		{E9F27836-917B-45AF-96FF-295A1F18A854}.Debug|Any CPU.ActiveCfg = Debug|x86
		{E9F27836-917B-45AF-96FF-295A1F18A854}.Debug|Mixed Platforms.ActiveCfg = Debug|x86
		{E9F27836-917B-45AF-96FF-295A1F18A854}.Debug|Mixed Platforms.Build.0 = Debug|x86
		{E9F27836-917B-45AF-96FF-295A1F18A854}.Debug|x86.ActiveCfg = Debug|x86
		{E9F27836-917B-45AF-96FF-295A1F18A854}.Debug|x86.Build.0 = Debug|x86
		{E9F27836-917B-45AF-96FF-295A1F18A854}.DVD-5|Any CPU.ActiveCfg = Debug|x86
		{E9F27836-917B-45AF-96FF-295A1F18A854}.DVD-5|Mixed Platforms.ActiveCfg = Debug|x86
		{E9F27836-917B-45AF-96FF-295A1F18A854}.DVD-5|Mixed Platforms.Build.0 = Debug|x86
		{E9F27836-917B-45AF-96FF-295A1F18A854}.DVD-5|x86.ActiveCfg = Debug|x86
		{E9F27836-917B-45AF-96FF-295A1F18A854}.DVD-5|x86.Build.0 = Debug|x86
		{E9F27836-917B-45AF-96FF-295A1F18A854}.Release|Any CPU.ActiveCfg = Release|x86
		{E9F27836-917B-45AF-96FF-295A1F18A854}.Release|Mixed Platforms.ActiveCfg = Release|x86
		{E9F27836-917B-45AF-96FF-295A1F18A854}.Release|Mixed Platforms.Build.0 = Release|x86
		{E9F27836-917B-45AF-96FF-295A1F18A854}.Release|x86.ActiveCfg = Release|x86
		{E9F27836-917B-45AF-96FF-295A1F18A854}.Release|x86.Build.0 = Release|x86
		{E9F27836-917B-45AF-96FF-295A1F18A854}.SingleImage|Any CPU.ActiveCfg = Release|x86
		{E9F27836-917B-45AF-96FF-295A1F18A854}.SingleImage|Mixed Platforms.ActiveCfg = Release|x86
		{E9F27836-917B-45AF-96FF-295A1F18A854}.SingleImage|Mixed Platforms.Build.0 = Release|x86
		{E9F27836-917B-45AF-96FF-295A1F18A854}.SingleImage|x86.ActiveCfg = Release|x86
		{E9F27836-917B-45AF-96FF-295A1F18A854}.SingleImage|x86.Build.0 = Release|x86
		{71E05116-3FA9-4B9C-B62E-DBCC47ADBC47}.CD_ROM|Any CPU.ActiveCfg = Release|x86
		{71E05116-3FA9-4B9C-B62E-DBCC47ADBC47}.CD_ROM|Mixed Platforms.ActiveCfg = Release|x86
		{71E05116-3FA9-4B9C-B62E-DBCC47ADBC47}.CD_ROM|Mixed Platforms.Build.0 = Release|x86
		{71E05116-3FA9-4B9C-B62E-DBCC47ADBC47}.CD_ROM|x86.ActiveCfg = Release|x86
		{71E05116-3FA9-4B9C-B62E-DBCC47ADBC47}.CD_ROM|x86.Build.0 = Release|x86
		{71E05116-3FA9-4B9C-B62E-DBCC47ADBC47}.Debug|Any CPU.ActiveCfg = Debug|x86
		{71E05116-3FA9-4B9C-B62E-DBCC47ADBC47}.Debug|Mixed Platforms.ActiveCfg = Debug|x86
		{71E05116-3FA9-4B9C-B62E-DBCC47ADBC47}.Debug|Mixed Platforms.Build.0 = Debug|x86
		{71E05116-3FA9-4B9C-B62E-DBCC47ADBC47}.Debug|x86.ActiveCfg = Debug|x86
		{71E05116-3FA9-4B9C-B62E-DBCC47ADBC47}.Debug|x86.Build.0 = Debug|x86
		{71E05116-3FA9-4B9C-B62E-DBCC47ADBC47}.DVD-5|Any CPU.ActiveCfg = Debug|x86
		{71E05116-3FA9-4B9C-B62E-DBCC47ADBC47}.DVD-5|Mixed Platforms.ActiveCfg = Debug|x86
		{71E05116-3FA9-4B9C-B62E-DBCC47ADBC47}.DVD-5|Mixed Platforms.Build.0 = Debug|x86
		{71E05116-3FA9-4B9C-B62E-DBCC47ADBC47}.DVD-5|x86.ActiveCfg = Debug|x86
		{71E05116-3FA9-4B9C-B62E-DBCC47ADBC47}.DVD-5|x86.Build.0 = Debug|x86
		{71E05116-3FA9-4B9C-B62E-DBCC47ADBC47}.Release|Any CPU.ActiveCfg = Release|x86
		{71E05116-3FA9-4B9C-B62E-DBCC47ADBC47}.Release|Mixed Platforms.ActiveCfg = Release|x86
		{71E05116-3FA9-4B9C-B62E-DBCC47ADBC47}.Release|Mixed Platforms.Build.0 = Release|x86
		{71E05116-3FA9-4B9C-B62E-DBCC47ADBC47}.Release|x86.ActiveCfg = Release|x86
		{71E05116-3FA9-4B9C-B62E-DBCC47ADBC47}.Release|x86.Build.0 = Release|x86
		{71E05116-3FA9-4B9C-B62E-DBCC47ADBC47}.SingleImage|Any CPU.ActiveCfg = Release|x86
		{71E05116-3FA9-4B9C-B62E-DBCC47ADBC47}.SingleImage|Mixed Platforms.ActiveCfg = Release|x86
		{71E05116-3FA9-4B9C-B62E-DBCC47ADBC47}.SingleImage|Mixed Platforms.Build.0 = Release|x86
		{71E05116-3FA9-4B9C-B62E-DBCC47ADBC47}.SingleImage|x86.ActiveCfg = Release|x86
		{71E05116-3FA9-4B9C-B62E-DBCC47ADBC47}.SingleImage|x86.Build.0 = Release|x86
	EndGlobalSection
	GlobalSection(SolutionProperties) = preSolution
		HideSolutionNode = FALSE
	EndGlobalSection
EndGlobal
